[[package]]
name = "proto-rust-hw"
version = "0.1.0"
dependencies = [
 "protobuf 2.0.4 (registry+https://github.com/rust-lang/crates.io-index)",
]

[[package]]
name = "protobuf"
version = "2.0.4"
source = "registry+https://github.com/rust-lang/crates.io-index"

[metadata]
"checksum protobuf 2.0.4 (registry+https://github.com/rust-lang/crates.io-index)" = "128a4f37a2df739a567a8685b17f54aa19b9c3c4a6a5b8731e97a419b3db451c"
